
Microsoft Visual Studio Solution File, Format Version 12.00
# Visual Studio Version 16
VisualStudioVersion = 16.0.32929.386
MinimumVisualStudioVersion = 10.0.40219.1
Project("{FAE04EC0-301F-11D3-BF4B-00C04F79EFBC}") = "Routr_Demo_App", "Routr_Demo_App.csproj", "{7291392F-1E45-471C-9C8F-261F79B95C80}"
EndProject
Global
	GlobalSection(SolutionConfigurationPlatforms) = preSolution
		Debug|Any CPU = Debug|Any CPU
		Release|Any CPU = Release|Any CPU
	EndGlobalSection
	GlobalSection(ProjectConfigurationPlatforms) = postSolution
		{7291392F-1E45-471C-9C8F-261F79B95C80}.Debug|Any CPU.ActiveCfg = Debug|Any CPU
		{7291392F-1E45-471C-9C8F-261F79B95C80}.Debug|Any CPU.Build.0 = Debug|Any CPU
		{7291392F-1E45-471C-9C8F-261F79B95C80}.Release|Any CPU.ActiveCfg = Release|Any CPU
		{7291392F-1E45-471C-9C8F-261F79B95C80}.Release|Any CPU.Build.0 = Release|Any CPU
	EndGlobalSection
	GlobalSection(SolutionProperties) = preSolution
		HideSolutionNode = FALSE
	EndGlobalSection
	GlobalSection(ExtensibilityGlobals) = postSolution
		SolutionGuid = {D774C488-0EF1-4118-8268-12708E15E6A6}
	EndGlobalSection
EndGlobal
